// !$*UTF8*$!
{
	archiveVersion = 1;
	classes = {
	};
	objectVersion = 46;
	objects = {

/* Begin PBXBuildFile section */
		52EBC1961F1DAECF00AE52F9 /* main.m in Sources */ = {isa = PBXBuildFile; fileRef = 52EBC1951F1DAECF00AE52F9 /* main.m */; };
		52EBC19C1F1DAECF00AE52F9 /* ViewController.m in Sources */ = {isa = PBXBuildFile; fileRef = 52EBC19B1F1DAECF00AE52F9 /* ViewController.m */; };
		52EBC19F1F1DAECF00AE52F9 /* Main.storyboard in Resources */ = {isa = PBXBuildFile; fileRef = 52EBC19D1F1DAECF00AE52F9 /* Main.storyboard */; };
		52EBC1A11F1DAECF00AE52F9 /* Assets.xcassets in Resources */ = {isa = PBXBuildFile; fileRef = 52EBC1A01F1DAECF00AE52F9 /* Assets.xcassets */; };
		52EBC1A41F1DAECF00AE52F9 /* LaunchScreen.storyboard in Resources */ = {isa = PBXBuildFile; fileRef = 52EBC1A21F1DAECF00AE52F9 /* LaunchScreen.storyboard */; };
		52EBC1B51F1DB0A200AE52F9 /* AppDelegate.m in Sources */ = {isa = PBXBuildFile; fileRef = 52EBC1B21F1DB0A200AE52F9 /* AppDelegate.m */; };
		52EBC1CF1F1DBE9D00AE52F9 /* UIView+XZC.m in Sources */ = {isa = PBXBuildFile; fileRef = 52EBC1CE1F1DBE9D00AE52F9 /* UIView+XZC.m */; };
/* End PBXBuildFile section */

/* Begin PBXFileReference section */
		52EBC1911F1DAECF00AE52F9 /* XZClasses.app */ = {isa = PBXFileReference; explicitFileType = wrapper.application; includeInIndex = 0; path = XZClasses.app; sourceTree = BUILT_PRODUCTS_DIR; };
		52EBC1951F1DAECF00AE52F9 /* main.m */ = {isa = PBXFileReference; lastKnownFileType = sourcecode.c.objc; path = main.m; sourceTree = "<group>"; };
		52EBC19A1F1DAECF00AE52F9 /* ViewController.h */ = {isa = PBXFileReference; lastKnownFileType = sourcecode.c.h; path = ViewController.h; sourceTree = "<group>"; };
		52EBC19B1F1DAECF00AE52F9 /* ViewController.m */ = {isa = PBXFileReference; lastKnownFileType = sourcecode.c.objc; path = ViewController.m; sourceTree = "<group>"; };
		52EBC19E1F1DAECF00AE52F9 /* Base */ = {isa = PBXFileReference; lastKnownFileType = file.storyboard; name = Base; path = Base.lproj/Main.storyboard; sourceTree = "<group>"; };
		52EBC1A01F1DAECF00AE52F9 /* Assets.xcassets */ = {isa = PBXFileReference; lastKnownFileType = folder.assetcatalog; path = Assets.xcassets; sourceTree = "<group>"; };
		52EBC1A31F1DAECF00AE52F9 /* Base */ = {isa = PBXFileReference; lastKnownFileType = file.storyboard; name = Base; path = Base.lproj/LaunchScreen.storyboard; sourceTree = "<group>"; };
		52EBC1A51F1DAECF00AE52F9 /* Info.plist */ = {isa = PBXFileReference; lastKnownFileType = text.plist.xml; path = Info.plist; sourceTree = "<group>"; };
		52EBC1B11F1DB0A200AE52F9 /* AppDelegate.h */ = {isa = PBXFileReference; fileEncoding = 4; lastKnownFileType = sourcecode.c.h; path = AppDelegate.h; sourceTree = "<group>"; };
		52EBC1B21F1DB0A200AE52F9 /* AppDelegate.m */ = {isa = PBXFileReference; fileEncoding = 4; lastKnownFileType = sourcecode.c.objc; path = AppDelegate.m; sourceTree = "<group>"; };
		52EBC1B61F1DBACE00AE52F9 /* XZCategory.h */ = {isa = PBXFileReference; fileEncoding = 4; lastKnownFileType = sourcecode.c.h; path = XZCategory.h; sourceTree = "<group>"; };
		52EBC1CD1F1DBE9D00AE52F9 /* UIView+XZC.h */ = {isa = PBXFileReference; fileEncoding = 4; lastKnownFileType = sourcecode.c.h; path = "UIView+XZC.h"; sourceTree = "<group>"; };
		52EBC1CE1F1DBE9D00AE52F9 /* UIView+XZC.m */ = {isa = PBXFileReference; fileEncoding = 4; lastKnownFileType = sourcecode.c.objc; path = "UIView+XZC.m"; sourceTree = "<group>"; };
/* End PBXFileReference section */

/* Begin PBXFrameworksBuildPhase section */
		52EBC18E1F1DAECF00AE52F9 /* Frameworks */ = {
			isa = PBXFrameworksBuildPhase;
			buildActionMask = 2147483647;
			files = (
			);
			runOnlyForDeploymentPostprocessing = 0;
		};
/* End PBXFrameworksBuildPhase section */

/* Begin PBXGroup section */
		52EBC1881F1DAECF00AE52F9 = {
			isa = PBXGroup;
			children = (
				52EBC1931F1DAECF00AE52F9 /* XZClasses */,
				52EBC1921F1DAECF00AE52F9 /* Products */,
			);
			sourceTree = "<group>";
		};
		52EBC1921F1DAECF00AE52F9 /* Products */ = {
			isa = PBXGroup;
			children = (
				52EBC1911F1DAECF00AE52F9 /* XZClasses.app */,
			);
			name = Products;
			sourceTree = "<group>";
		};
		52EBC1931F1DAECF00AE52F9 /* XZClasses */ = {
			isa = PBXGroup;
			children = (
				52EBC1AF1F1DB0A200AE52F9 /* Classes */,
				52EBC19A1F1DAECF00AE52F9 /* ViewController.h */,
				52EBC19B1F1DAECF00AE52F9 /* ViewController.m */,
				52EBC19D1F1DAECF00AE52F9 /* Main.storyboard */,
				52EBC1A01F1DAECF00AE52F9 /* Assets.xcassets */,
				52EBC1A21F1DAECF00AE52F9 /* LaunchScreen.storyboard */,
				52EBC1A51F1DAECF00AE52F9 /* Info.plist */,
				52EBC1941F1DAECF00AE52F9 /* Supporting Files */,
			);
			path = XZClasses;
			sourceTree = "<group>";
		};
		52EBC1941F1DAECF00AE52F9 /* Supporting Files */ = {
			isa = PBXGroup;
			children = (
				52EBC1951F1DAECF00AE52F9 /* main.m */,
			);
			name = "Supporting Files";
			sourceTree = "<group>";
		};
		52EBC1AF1F1DB0A200AE52F9 /* Classes */ = {
			isa = PBXGroup;
			children = (
				52EBC1B01F1DB0A200AE52F9 /* Others */,
				52EBC1B31F1DB0A200AE52F9 /* XZCategory */,
				52EBC1B41F1DB0A200AE52F9 /* XZExtension */,
			);
			path = Classes;
			sourceTree = "<group>";
		};
		52EBC1B01F1DB0A200AE52F9 /* Others */ = {
			isa = PBXGroup;
			children = (
				52EBC1B11F1DB0A200AE52F9 /* AppDelegate.h */,
				52EBC1B21F1DB0A200AE52F9 /* AppDelegate.m */,
			);
			path = Others;
			sourceTree = "<group>";
		};
		52EBC1B31F1DB0A200AE52F9 /* XZCategory */ = {
			isa = PBXGroup;
			children = (
				52EBC1C61F1DBE9D00AE52F9 /* Views */,
				52EBC1C41F1DBD5600AE52F9 /* Models */,
				52EBC1B61F1DBACE00AE52F9 /* XZCategory.h */,
			);
			path = XZCategory;
			sourceTree = "<group>";
		};
		52EBC1B41F1DB0A200AE52F9 /* XZExtension */ = {
			isa = PBXGroup;
			children = (
			);
			path = XZExtension;
			sourceTree = "<group>";
		};
		52EBC1C41F1DBD5600AE52F9 /* Models */ = {
			isa = PBXGroup;
			children = (
				52EBC1C51F1DBE8300AE52F9 /* UIColor+XZC */,
			);
			path = Models;
			sourceTree = "<group>";
		};
		52EBC1C51F1DBE8300AE52F9 /* UIColor+XZC */ = {
			isa = PBXGroup;
			children = (
			);
			path = "UIColor+XZC";
			sourceTree = "<group>";
		};
		52EBC1C61F1DBE9D00AE52F9 /* Views */ = {
			isa = PBXGroup;
			children = (
				52EBC1C71F1DBE9D00AE52F9 /* UIButton+XZC */,
				52EBC1C81F1DBE9D00AE52F9 /* UIImage+XZC */,
				52EBC1C91F1DBE9D00AE52F9 /* UIScreen+XZC */,
				52EBC1CA1F1DBE9D00AE52F9 /* UIStoryboard+XZC */,
				52EBC1CB1F1DBE9D00AE52F9 /* UITextField+XZC */,
				52EBC1CC1F1DBE9D00AE52F9 /* UIView+XZC */,
			);
			path = Views;
			sourceTree = "<group>";
		};
		52EBC1C71F1DBE9D00AE52F9 /* UIButton+XZC */ = {
			isa = PBXGroup;
			children = (
			);
			path = "UIButton+XZC";
			sourceTree = "<group>";
		};
		52EBC1C81F1DBE9D00AE52F9 /* UIImage+XZC */ = {
			isa = PBXGroup;
			children = (
			);
			path = "UIImage+XZC";
			sourceTree = "<group>";
		};
		52EBC1C91F1DBE9D00AE52F9 /* UIScreen+XZC */ = {
			isa = PBXGroup;
			children = (
			);
			path = "UIScreen+XZC";
			sourceTree = "<group>";
		};
		52EBC1CA1F1DBE9D00AE52F9 /* UIStoryboard+XZC */ = {
			isa = PBXGroup;
			children = (
			);
			path = "UIStoryboard+XZC";
			sourceTree = "<group>";
		};
		52EBC1CB1F1DBE9D00AE52F9 /* UITextField+XZC */ = {
			isa = PBXGroup;
			children = (
			);
			path = "UITextField+XZC";
			sourceTree = "<group>";
		};
		52EBC1CC1F1DBE9D00AE52F9 /* UIView+XZC */ = {
			isa = PBXGroup;
			children = (
				52EBC1CD1F1DBE9D00AE52F9 /* UIView+XZC.h */,
				52EBC1CE1F1DBE9D00AE52F9 /* UIView+XZC.m */,
			);
			path = "UIView+XZC";
			sourceTree = "<group>";
		};
/* End PBXGroup section */

/* Begin PBXNativeTarget section */
		52EBC1901F1DAECF00AE52F9 /* XZClasses */ = {
			isa = PBXNativeTarget;
			buildConfigurationList = 52EBC1A81F1DAECF00AE52F9 /* Build configuration list for PBXNativeTarget "XZClasses" */;
			buildPhases = (
				52EBC18D1F1DAECF00AE52F9 /* Sources */,
				52EBC18E1F1DAECF00AE52F9 /* Frameworks */,
				52EBC18F1F1DAECF00AE52F9 /* Resources */,
			);
			buildRules = (
			);
			dependencies = (
			);
			name = XZClasses;
			productName = XZClasses;
			productReference = 52EBC1911F1DAECF00AE52F9 /* XZClasses.app */;
			productType = "com.apple.product-type.application";
		};
/* End PBXNativeTarget section */

/* Begin PBXProject section */
		52EBC1891F1DAECF00AE52F9 /* Project object */ = {
			isa = PBXProject;
			attributes = {
				LastUpgradeCheck = 0830;
				ORGANIZATIONNAME = "夜风";
				TargetAttributes = {
					52EBC1901F1DAECF00AE52F9 = {
						CreatedOnToolsVersion = 8.3.3;
						DevelopmentTeam = YECE5A5928;
						ProvisioningStyle = Automatic;
					};
				};
			};
			buildConfigurationList = 52EBC18C1F1DAECF00AE52F9 /* Build configuration list for PBXProject "XZClasses" */;
			compatibilityVersion = "Xcode 3.2";
			developmentRegion = English;
			hasScannedForEncodings = 0;
			knownRegions = (
				en,
				Base,
			);
			mainGroup = 52EBC1881F1DAECF00AE52F9;
			productRefGroup = 52EBC1921F1DAECF00AE52F9 /* Products */;
			projectDirPath = "";
			projectRoot = "";
			targets = (
				52EBC1901F1DAECF00AE52F9 /* XZClasses */,
			);
		};
/* End PBXProject section */

/* Begin PBXResourcesBuildPhase section */
		52EBC18F1F1DAECF00AE52F9 /* Resources */ = {
			isa = PBXResourcesBuildPhase;
			buildActionMask = 2147483647;
			files = (
				52EBC1A41F1DAECF00AE52F9 /* LaunchScreen.storyboard in Resources */,
				52EBC1A11F1DAECF00AE52F9 /* Assets.xcassets in Resources */,
				52EBC19F1F1DAECF00AE52F9 /* Main.storyboard in Resources */,
			);
			runOnlyForDeploymentPostprocessing = 0;
		};
/* End PBXResourcesBuildPhase section */

/* Begin PBXSourcesBuildPhase section */
		52EBC18D1F1DAECF00AE52F9 /* Sources */ = {
			isa = PBXSourcesBuildPhase;
			buildActionMask = 2147483647;
			files = (
				52EBC1CF1F1DBE9D00AE52F9 /* UIView+XZC.m in Sources */,
				52EBC19C1F1DAECF00AE52F9 /* ViewController.m in Sources */,
				52EBC1961F1DAECF00AE52F9 /* main.m in Sources */,
				52EBC1B51F1DB0A200AE52F9 /* AppDelegate.m in Sources */,
			);
			runOnlyForDeploymentPostprocessing = 0;
		};
/* End PBXSourcesBuildPhase section */

/* Begin PBXVariantGroup section */
		52EBC19D1F1DAECF00AE52F9 /* Main.storyboard */ = {
			isa = PBXVariantGroup;
			children = (
				52EBC19E1F1DAECF00AE52F9 /* Base */,
			);
			name = Main.storyboard;
			sourceTree = "<group>";
		};
		52EBC1A21F1DAECF00AE52F9 /* LaunchScreen.storyboard */ = {
			isa = PBXVariantGroup;
			children = (
				52EBC1A31F1DAECF00AE52F9 /* Base */,
			);
			name = LaunchScreen.storyboard;
			sourceTree = "<group>";
		};
/* End PBXVariantGroup section */

/* Begin XCBuildConfiguration section */
		52EBC1A61F1DAECF00AE52F9 /* Debug */ = {
			isa = XCBuildConfiguration;
			buildSettings = {
				ALWAYS_SEARCH_USER_PATHS = NO;
				CLANG_ANALYZER_NONNULL = YES;
				CLANG_ANALYZER_NUMBER_OBJECT_CONVERSION = YES_AGGRESSIVE;
				CLANG_CXX_LANGUAGE_STANDARD = "gnu++0x";
				CLANG_CXX_LIBRARY = "libc++";
				CLANG_ENABLE_MODULES = YES;
				CLANG_ENABLE_OBJC_ARC = YES;
				CLANG_WARN_BOOL_CONVERSION = YES;
				CLANG_WARN_CONSTANT_CONVERSION = YES;
				CLANG_WARN_DIRECT_OBJC_ISA_USAGE = YES_ERROR;
				CLANG_WARN_DOCUMENTATION_COMMENTS = YES;
				CLANG_WARN_EMPTY_BODY = YES;
				CLANG_WARN_ENUM_CONVERSION = YES;
				CLANG_WARN_INFINITE_RECURSION = YES;
				CLANG_WARN_INT_CONVERSION = YES;
				CLANG_WARN_OBJC_ROOT_CLASS = YES_ERROR;
				CLANG_WARN_SUSPICIOUS_MOVE = YES;
				CLANG_WARN_UNREACHABLE_CODE = YES;
				CLANG_WARN__DUPLICATE_METHOD_MATCH = YES;
				"CODE_SIGN_IDENTITY[sdk=iphoneos*]" = "iPhone Developer";
				COPY_PHASE_STRIP = NO;
				DEBUG_INFORMATION_FORMAT = dwarf;
				ENABLE_STRICT_OBJC_MSGSEND = YES;
				ENABLE_TESTABILITY = YES;
				GCC_C_LANGUAGE_STANDARD = gnu99;
				GCC_DYNAMIC_NO_PIC = NO;
				GCC_NO_COMMON_BLOCKS = YES;
				GCC_OPTIMIZATION_LEVEL = 0;
				GCC_PREPROCESSOR_DEFINITIONS = (
					"DEBUG=1",
					"$(inherited)",
				);
				GCC_WARN_64_TO_32_BIT_CONVERSION = YES;
				GCC_WARN_ABOUT_RETURN_TYPE = YES_ERROR;
				GCC_WARN_UNDECLARED_SELECTOR = YES;
				GCC_WARN_UNINITIALIZED_AUTOS = YES_AGGRESSIVE;
				GCC_WARN_UNUSED_FUNCTION = YES;
				GCC_WARN_UNUSED_VARIABLE = YES;
				IPHONEOS_DEPLOYMENT_TARGET = 10.3;
				MTL_ENABLE_DEBUG_INFO = YES;
				ONLY_ACTIVE_ARCH = YES;
				SDKROOT = iphoneos;
			};
			name = Debug;
		};
		52EBC1A71F1DAECF00AE52F9 /* Release */ = {
			isa = XCBuildConfiguration;
			buildSettings = {
				ALWAYS_SEARCH_USER_PATHS = NO;
				CLANG_ANALYZER_NONNULL = YES;
				CLANG_ANALYZER_NUMBER_OBJECT_CONVERSION = YES_AGGRESSIVE;
				CLANG_CXX_LANGUAGE_STANDARD = "gnu++0x";
				CLANG_CXX_LIBRARY = "libc++";
				CLANG_ENABLE_MODULES = YES;
				CLANG_ENABLE_OBJC_ARC = YES;
				CLANG_WARN_BOOL_CONVERSION = YES;
				CLANG_WARN_CONSTANT_CONVERSION = YES;
				CLANG_WARN_DIRECT_OBJC_ISA_USAGE = YES_ERROR;
				CLANG_WARN_DOCUMENTATION_COMMENTS = YES;
				CLANG_WARN_EMPTY_BODY = YES;
				CLANG_WARN_ENUM_CONVERSION = YES;
				CLANG_WARN_INFINITE_RECURSION = YES;
				CLANG_WARN_INT_CONVERSION = YES;
				CLANG_WARN_OBJC_ROOT_CLASS = YES_ERROR;
				CLANG_WARN_SUSPICIOUS_MOVE = YES;
				CLANG_WARN_UNREACHABLE_CODE = YES;
				CLANG_WARN__DUPLICATE_METHOD_MATCH = YES;
				"CODE_SIGN_IDENTITY[sdk=iphoneos*]" = "iPhone Developer";
				COPY_PHASE_STRIP = NO;
				DEBUG_INFORMATION_FORMAT = "dwarf-with-dsym";
				ENABLE_NS_ASSERTIONS = NO;
				ENABLE_STRICT_OBJC_MSGSEND = YES;
				GCC_C_LANGUAGE_STANDARD = gnu99;
				GCC_NO_COMMON_BLOCKS = YES;
				GCC_WARN_64_TO_32_BIT_CONVERSION = YES;
				GCC_WARN_ABOUT_RETURN_TYPE = YES_ERROR;
				GCC_WARN_UNDECLARED_SELECTOR = YES;
				GCC_WARN_UNINITIALIZED_AUTOS = YES_AGGRESSIVE;
				GCC_WARN_UNUSED_FUNCTION = YES;
				GCC_WARN_UNUSED_VARIABLE = YES;
				IPHONEOS_DEPLOYMENT_TARGET = 10.3;
				MTL_ENABLE_DEBUG_INFO = NO;
				SDKROOT = iphoneos;
				VALIDATE_PRODUCT = YES;
			};
			name = Release;
		};
		52EBC1A91F1DAECF00AE52F9 /* Debug */ = {
			isa = XCBuildConfiguration;
			buildSettings = {
				ASSETCATALOG_COMPILER_APPICON_NAME = AppIcon;
				DEVELOPMENT_TEAM = YECE5A5928;
				INFOPLIST_FILE = XZClasses/Info.plist;
				LD_RUNPATH_SEARCH_PATHS = "$(inherited) @executable_path/Frameworks";
				PRODUCT_BUNDLE_IDENTIFIER = com.caissa.XZClasses;
				PRODUCT_NAME = "$(TARGET_NAME)";
			};
			name = Debug;
		};
		52EBC1AA1F1DAECF00AE52F9 /* Release */ = {
			isa = XCBuildConfiguration;
			buildSettings = {
				ASSETCATALOG_COMPILER_APPICON_NAME = AppIcon;
				DEVELOPMENT_TEAM = YECE5A5928;
				INFOPLIST_FILE = XZClasses/Info.plist;
				LD_RUNPATH_SEARCH_PATHS = "$(inherited) @executable_path/Frameworks";
				PRODUCT_BUNDLE_IDENTIFIER = com.caissa.XZClasses;
				PRODUCT_NAME = "$(TARGET_NAME)";
			};
			name = Release;
		};
/* End XCBuildConfiguration section */

/* Begin XCConfigurationList section */
		52EBC18C1F1DAECF00AE52F9 /* Build configuration list for PBXProject "XZClasses" */ = {
			isa = XCConfigurationList;
			buildConfigurations = (
				52EBC1A61F1DAECF00AE52F9 /* Debug */,
				52EBC1A71F1DAECF00AE52F9 /* Release */,
			);
			defaultConfigurationIsVisible = 0;
			defaultConfigurationName = Release;
		};
		52EBC1A81F1DAECF00AE52F9 /* Build configuration list for PBXNativeTarget "XZClasses" */ = {
			isa = XCConfigurationList;
			buildConfigurations = (
				52EBC1A91F1DAECF00AE52F9 /* Debug */,
				52EBC1AA1F1DAECF00AE52F9 /* Release */,
			);
			defaultConfigurationIsVisible = 0;
			defaultConfigurationName = Release;
		};
/* End XCConfigurationList section */
	};
	rootObject = 52EBC1891F1DAECF00AE52F9 /* Project object */;
}
